
Microsoft Visual Studio Solution File, Format Version 12.00
# Visual Studio Version 16
VisualStudioVersion = 16.0.29519.181
MinimumVisualStudioVersion = 10.0.40219.1
Project("{FAE04EC0-301F-11D3-BF4B-00C04F79EFBC}") = "WCFConversor", "WCFConversor\WCFConversor.csproj", "{133589C8-D798-477F-A10D-2FB55F381B61}"
EndProject
Global
	GlobalSection(SolutionConfigurationPlatforms) = preSolution
		Debug|Any CPU = Debug|Any CPU
		Release|Any CPU = Release|Any CPU
	EndGlobalSection
	GlobalSection(ProjectConfigurationPlatforms) = postSolution
		{133589C8-D798-477F-A10D-2FB55F381B61}.Debug|Any CPU.ActiveCfg = Debug|Any CPU
		{133589C8-D798-477F-A10D-2FB55F381B61}.Debug|Any CPU.Build.0 = Debug|Any CPU
		{133589C8-D798-477F-A10D-2FB55F381B61}.Release|Any CPU.ActiveCfg = Release|Any CPU
		{133589C8-D798-477F-A10D-2FB55F381B61}.Release|Any CPU.Build.0 = Release|Any CPU
	EndGlobalSection
	GlobalSection(SolutionProperties) = preSolution
		HideSolutionNode = FALSE
	EndGlobalSection
	GlobalSection(ExtensibilityGlobals) = postSolution
		SolutionGuid = {15ACF445-ED62-4746-A5B9-8A04A3C8A7C3}
	EndGlobalSection
EndGlobal
